
Microsoft Visual Studio Solution File, Format Version 12.00
# Visual Studio Version 16
VisualStudioVersion = 16.0.30611.23
MinimumVisualStudioVersion = 10.0.40219.1
Project("{9A19103F-16F7-4668-BE54-9A1E7A4F7556}") = "WebApplication9", "WebApplication9.csproj", "{992F6D3F-5B18-496B-ABEC-597104760C7C}"
EndProject
Global
	GlobalSection(SolutionConfigurationPlatforms) = preSolution
		Debug|Any CPU = Debug|Any CPU
		Release|Any CPU = Release|Any CPU
	EndGlobalSection
	GlobalSection(ProjectConfigurationPlatforms) = postSolution
		{992F6D3F-5B18-496B-ABEC-597104760C7C}.Debug|Any CPU.ActiveCfg = Debug|Any CPU
		{992F6D3F-5B18-496B-ABEC-597104760C7C}.Debug|Any CPU.Build.0 = Debug|Any CPU
		{992F6D3F-5B18-496B-ABEC-597104760C7C}.Release|Any CPU.ActiveCfg = Release|Any CPU
		{992F6D3F-5B18-496B-ABEC-597104760C7C}.Release|Any CPU.Build.0 = Release|Any CPU
	EndGlobalSection
	GlobalSection(SolutionProperties) = preSolution
		HideSolutionNode = FALSE
	EndGlobalSection
	GlobalSection(ExtensibilityGlobals) = postSolution
		SolutionGuid = {BECE7843-65B8-4423-89BC-92DCBABA82F8}
	EndGlobalSection
EndGlobal
